
Microsoft Visual Studio Solution File, Format Version 12.00
# Visual Studio Version 17
VisualStudioVersion = 17.1.32210.238
MinimumVisualStudioVersion = 10.0.40219.1
Project("{9A19103F-16F7-4668-BE54-9A1E7A4F7556}") = "Dashboard", "Dashboard\Dashboard.csproj", "{F23509B6-91EB-4064-8044-1776C7203E1F}"
EndProject
Project("{9A19103F-16F7-4668-BE54-9A1E7A4F7556}") = "PowerPrice.Api", "Elpriser\PowerPrice.Api.csproj", "{6C2D1C67-1188-4FEB-A5BF-8CAF5AB99972}"
EndProject
Project("{9A19103F-16F7-4668-BE54-9A1E7A4F7556}") = "DataModels", "DataModels\DataModels.csproj", "{03FD426E-338F-48A4-99FA-AA33D31BEE4A}"
EndProject
Project("{9A19103F-16F7-4668-BE54-9A1E7A4F7556}") = "Weather.Api", "Weather.Api\Weather.Api.csproj", "{66541073-10E0-4FD7-B2BC-C0E6B3F3EEFA}"
EndProject
Global
	GlobalSection(SolutionConfigurationPlatforms) = preSolution
		Debug|Any CPU = Debug|Any CPU
		Release|Any CPU = Release|Any CPU
	EndGlobalSection
	GlobalSection(ProjectConfigurationPlatforms) = postSolution
		{F23509B6-91EB-4064-8044-1776C7203E1F}.Debug|Any CPU.ActiveCfg = Debug|Any CPU
		{F23509B6-91EB-4064-8044-1776C7203E1F}.Debug|Any CPU.Build.0 = Debug|Any CPU
		{F23509B6-91EB-4064-8044-1776C7203E1F}.Release|Any CPU.ActiveCfg = Release|Any CPU
		{F23509B6-91EB-4064-8044-1776C7203E1F}.Release|Any CPU.Build.0 = Release|Any CPU
		{6C2D1C67-1188-4FEB-A5BF-8CAF5AB99972}.Debug|Any CPU.ActiveCfg = Debug|Any CPU
		{6C2D1C67-1188-4FEB-A5BF-8CAF5AB99972}.Debug|Any CPU.Build.0 = Debug|Any CPU
		{6C2D1C67-1188-4FEB-A5BF-8CAF5AB99972}.Release|Any CPU.ActiveCfg = Release|Any CPU
		{6C2D1C67-1188-4FEB-A5BF-8CAF5AB99972}.Release|Any CPU.Build.0 = Release|Any CPU
		{03FD426E-338F-48A4-99FA-AA33D31BEE4A}.Debug|Any CPU.ActiveCfg = Debug|Any CPU
		{03FD426E-338F-48A4-99FA-AA33D31BEE4A}.Debug|Any CPU.Build.0 = Debug|Any CPU
		{03FD426E-338F-48A4-99FA-AA33D31BEE4A}.Release|Any CPU.ActiveCfg = Release|Any CPU
		{03FD426E-338F-48A4-99FA-AA33D31BEE4A}.Release|Any CPU.Build.0 = Release|Any CPU
		{66541073-10E0-4FD7-B2BC-C0E6B3F3EEFA}.Debug|Any CPU.ActiveCfg = Debug|Any CPU
		{66541073-10E0-4FD7-B2BC-C0E6B3F3EEFA}.Debug|Any CPU.Build.0 = Debug|Any CPU
		{66541073-10E0-4FD7-B2BC-C0E6B3F3EEFA}.Release|Any CPU.ActiveCfg = Release|Any CPU
		{66541073-10E0-4FD7-B2BC-C0E6B3F3EEFA}.Release|Any CPU.Build.0 = Release|Any CPU
	EndGlobalSection
	GlobalSection(SolutionProperties) = preSolution
		HideSolutionNode = FALSE
	EndGlobalSection
	GlobalSection(ExtensibilityGlobals) = postSolution
		SolutionGuid = {1F06B620-588D-4B76-82C6-EB8B00991D72}
	EndGlobalSection
EndGlobal
